
Microsoft Visual Studio Solution File, Format Version 12.00
# Visual Studio Version 16
VisualStudioVersion = 16.0.30717.126
MinimumVisualStudioVersion = 10.0.40219.1
Project("{FAE04EC0-301F-11D3-BF4B-00C04F79EFBC}") = "jiaoshiWeb201211", "jiaoshiWeb201211.csproj", "{F2DDDD1A-92D7-4FEB-9644-E020F06B8C73}"
EndProject
Global
	GlobalSection(SolutionConfigurationPlatforms) = preSolution
		Debug|Any CPU = Debug|Any CPU
		Release|Any CPU = Release|Any CPU
	EndGlobalSection
	GlobalSection(ProjectConfigurationPlatforms) = postSolution
		{F2DDDD1A-92D7-4FEB-9644-E020F06B8C73}.Debug|Any CPU.ActiveCfg = Debug|Any CPU
		{F2DDDD1A-92D7-4FEB-9644-E020F06B8C73}.Debug|Any CPU.Build.0 = Debug|Any CPU
		{F2DDDD1A-92D7-4FEB-9644-E020F06B8C73}.Release|Any CPU.ActiveCfg = Release|Any CPU
		{F2DDDD1A-92D7-4FEB-9644-E020F06B8C73}.Release|Any CPU.Build.0 = Release|Any CPU
	EndGlobalSection
	GlobalSection(SolutionProperties) = preSolution
		HideSolutionNode = FALSE
	EndGlobalSection
	GlobalSection(ExtensibilityGlobals) = postSolution
		SolutionGuid = {A7C9197F-B19D-41C7-BF91-2635605D885E}
	EndGlobalSection
EndGlobal
